Microsoft Visual Studio Solution File, Format Version 11.00
# Visual Studio 2008

Project("{ADF72A0D-B2CB-D364-62D3-AA203EDA902F}") = "RE", "Assembly-CSharp-firstpass.csproj", "{717DB84F-7FFC-DFD7-3DE6-CC814B2F91B1}"
EndProject
Project("{ADF72A0D-B2CB-D364-62D3-AA203EDA902F}") = "RE", "Assembly-CSharp.csproj", "{477B3F41-0350-C138-EFF1-10B4C8B467E2}"
EndProject
Project("{ADF72A0D-B2CB-D364-62D3-AA203EDA902F}") = "RE", "Assembly-CSharp-Editor.csproj", "{E5E71666-925E-B24C-A035-195E00B8B0C0}"
EndProject
Project("{ADF72A0D-B2CB-D364-62D3-AA203EDA902F}") = "RE", "Assembly-UnityScript-firstpass.unityproj", "{1E265416-EE83-5979-DD26-AE15A5720B67}"
EndProject
Global
	GlobalSection(SolutionConfigurationPlatforms) = preSolution
		Debug|Any CPU = Debug|Any CPU
		Release|Any CPU = Release|Any CPU
	EndGlobalSection
	GlobalSection(ProjectConfigurationPlatforms) = postSolution
		{717DB84F-7FFC-DFD7-3DE6-CC814B2F91B1}.Debug|Any CPU.ActiveCfg = Debug|Any CPU
		{717DB84F-7FFC-DFD7-3DE6-CC814B2F91B1}.Debug|Any CPU.Build.0 = Debug|Any CPU
		{717DB84F-7FFC-DFD7-3DE6-CC814B2F91B1}.Release|Any CPU.ActiveCfg = Release|Any CPU
		{717DB84F-7FFC-DFD7-3DE6-CC814B2F91B1}.Release|Any CPU.Build.0 = Release|Any CPU
		{477B3F41-0350-C138-EFF1-10B4C8B467E2}.Debug|Any CPU.ActiveCfg = Debug|Any CPU
		{477B3F41-0350-C138-EFF1-10B4C8B467E2}.Debug|Any CPU.Build.0 = Debug|Any CPU
		{477B3F41-0350-C138-EFF1-10B4C8B467E2}.Release|Any CPU.ActiveCfg = Release|Any CPU
		{477B3F41-0350-C138-EFF1-10B4C8B467E2}.Release|Any CPU.Build.0 = Release|Any CPU
		{E5E71666-925E-B24C-A035-195E00B8B0C0}.Debug|Any CPU.ActiveCfg = Debug|Any CPU
		{E5E71666-925E-B24C-A035-195E00B8B0C0}.Debug|Any CPU.Build.0 = Debug|Any CPU
		{E5E71666-925E-B24C-A035-195E00B8B0C0}.Release|Any CPU.ActiveCfg = Release|Any CPU
		{E5E71666-925E-B24C-A035-195E00B8B0C0}.Release|Any CPU.Build.0 = Release|Any CPU
		{1E265416-EE83-5979-DD26-AE15A5720B67}.Debug|Any CPU.ActiveCfg = Debug|Any CPU
		{1E265416-EE83-5979-DD26-AE15A5720B67}.Debug|Any CPU.Build.0 = Debug|Any CPU
		{1E265416-EE83-5979-DD26-AE15A5720B67}.Release|Any CPU.ActiveCfg = Release|Any CPU
		{1E265416-EE83-5979-DD26-AE15A5720B67}.Release|Any CPU.Build.0 = Release|Any CPU
	EndGlobalSection
	GlobalSection(SolutionProperties) = preSolution
		HideSolutionNode = FALSE
	EndGlobalSection
																																				GlobalSection(MonoDevelopProperties) = preSolution
		StartupItem = Assembly-CSharp.csproj
		Policies = $0
		$0.TextStylePolicy = $1
		$1.inheritsSet = null
		$1.scope = text/x-csharp
		$0.CSharpFormattingPolicy = $2
		$2.inheritsSet = Mono
		$2.inheritsScope = text/x-csharp
		$2.scope = text/x-csharp
		$0.TextStylePolicy = $3
		$3.FileWidth = 120
		$3.TabWidth = 4
		$3.EolMarker = Unix
		$3.inheritsSet = Mono
		$3.inheritsScope = text/plain
		$3.scope = text/plain
	EndGlobalSection

EndGlobal
